// !$*UTF8*$!
{
	archiveVersion = 1;
	classes = {
	};
	objectVersion = 50;
	objects = {

/* Begin PBXBuildFile section */
		9B1BDEC7224FBEC600F51375 /* MATKit.framework in Frameworks */ = {isa = PBXBuildFile; fileRef = 9B1BDEBD224FBEC600F51375 /* MATKit.framework */; };
		9B1BDECC224FBEC600F51375 /* MATKitTests.swift in Sources */ = {isa = PBXBuildFile; fileRef = 9B1BDECB224FBEC600F51375 /* MATKitTests.swift */; };
		9B1BDECE224FBEC600F51375 /* MATKit.h in Headers */ = {isa = PBXBuildFile; fileRef = 9B1BDEC0224FBEC600F51375 /* MATKit.h */; settings = {ATTRIBUTES = (Public, ); }; };
		9B1BDF07224FBF3300F51375 /* CacheControlPlugin.swift in Sources */ = {isa = PBXBuildFile; fileRef = 9B1BDED9224FBF3300F51375 /* CacheControlPlugin.swift */; };
		9B1BDF08224FBF3300F51375 /* NetworkActivityIndicatorPlugin.swift in Sources */ = {isa = PBXBuildFile; fileRef = 9B1BDEDA224FBF3300F51375 /* NetworkActivityIndicatorPlugin.swift */; };
		9B1BDF09224FBF3300F51375 /* Rx+LoadingOverlayView.swift in Sources */ = {isa = PBXBuildFile; fileRef = 9B1BDEDD224FBF3300F51375 /* Rx+LoadingOverlayView.swift */; };
		9B1BDF0A224FBF3300F51375 /* LoadingOverlayView.swift in Sources */ = {isa = PBXBuildFile; fileRef = 9B1BDEDE224FBF3300F51375 /* LoadingOverlayView.swift */; };
		9B1BDF0B224FBF3300F51375 /* AppRoute.swift in Sources */ = {isa = PBXBuildFile; fileRef = 9B1BDEDF224FBF3300F51375 /* AppRoute.swift */; };
		9B1BDF0C224FBF3300F51375 /* ViewModelBindable.swift in Sources */ = {isa = PBXBuildFile; fileRef = 9B1BDEE1224FBF3300F51375 /* ViewModelBindable.swift */; };
		9B1BDF0D224FBF3300F51375 /* ViewModelType.swift in Sources */ = {isa = PBXBuildFile; fileRef = 9B1BDEE2224FBF3300F51375 /* ViewModelType.swift */; };
		9B1BDF0E224FBF3300F51375 /* UtilsWrapper.swift in Sources */ = {isa = PBXBuildFile; fileRef = 9B1BDEE3224FBF3300F51375 /* UtilsWrapper.swift */; };
		9B1BDF0F224FBF3300F51375 /* DataRequest+Rx.swift in Sources */ = {isa = PBXBuildFile; fileRef = 9B1BDEE6224FBF3300F51375 /* DataRequest+Rx.swift */; };
		9B1BDF10224FBF3300F51375 /* Alamofire+DataResponseType.swift in Sources */ = {isa = PBXBuildFile; fileRef = 9B1BDEE7224FBF3300F51375 /* Alamofire+DataResponseType.swift */; };
		9B1BDF11224FBF3300F51375 /* DataResponse+Rx.swift in Sources */ = {isa = PBXBuildFile; fileRef = 9B1BDEE8224FBF3300F51375 /* DataResponse+Rx.swift */; };
		9B1BDF12224FBF3300F51375 /* UIViewControllerExtensions.swift in Sources */ = {isa = PBXBuildFile; fileRef = 9B1BDEEA224FBF3300F51375 /* UIViewControllerExtensions.swift */; };
		9B1BDF13224FBF3300F51375 /* CodableExtension.swift in Sources */ = {isa = PBXBuildFile; fileRef = 9B1BDEEC224FBF3300F51375 /* CodableExtension.swift */; };
		9B1BDF14224FBF3300F51375 /* ActionType.swift in Sources */ = {isa = PBXBuildFile; fileRef = 9B1BDEEE224FBF3300F51375 /* ActionType.swift */; };
		9B1BDF15224FBF3300F51375 /* ActionExtensions.swift in Sources */ = {isa = PBXBuildFile; fileRef = 9B1BDEEF224FBF3300F51375 /* ActionExtensions.swift */; };
		9B1BDF16224FBF3300F51375 /* RxExtension.swift in Sources */ = {isa = PBXBuildFile; fileRef = 9B1BDEF1224FBF3300F51375 /* RxExtension.swift */; };
		9B1BDF17224FBF3300F51375 /* Rx+UIViewController.swift in Sources */ = {isa = PBXBuildFile; fileRef = 9B1BDEF2224FBF3300F51375 /* Rx+UIViewController.swift */; };
		9B1BDF18224FBF3300F51375 /* RxOptionalError.swift in Sources */ = {isa = PBXBuildFile; fileRef = 9B1BDEF4224FBF3300F51375 /* RxOptionalError.swift */; };
		9B1BDF19224FBF3300F51375 /* Observable+Optional.swift in Sources */ = {isa = PBXBuildFile; fileRef = 9B1BDEF5224FBF3300F51375 /* Observable+Optional.swift */; };
		9B1BDF1A224FBF3300F51375 /* OptionalType.swift in Sources */ = {isa = PBXBuildFile; fileRef = 9B1BDEF6224FBF3300F51375 /* OptionalType.swift */; };
		9B1BDF1B224FBF3300F51375 /* SharedSequence+Optional.swift in Sources */ = {isa = PBXBuildFile; fileRef = 9B1BDEF7224FBF3300F51375 /* SharedSequence+Optional.swift */; };
		9B1BDF1D224FBF3300F51375 /* GitHubAPI.swift in Sources */ = {isa = PBXBuildFile; fileRef = 9B1BDEFC224FBF3300F51375 /* GitHubAPI.swift */; };
		9B1BDF1E224FBF3300F51375 /* GitHubTarget.swift in Sources */ = {isa = PBXBuildFile; fileRef = 9B1BDEFD224FBF3300F51375 /* GitHubTarget.swift */; };
		9B1BDF1F224FBF3300F51375 /* GitHubMocks.swift in Sources */ = {isa = PBXBuildFile; fileRef = 9B1BDEFE224FBF3300F51375 /* GitHubMocks.swift */; };
		9B1BDF20224FBF3300F51375 /* PullRequest.swift in Sources */ = {isa = PBXBuildFile; fileRef = 9B1BDF01224FBF3300F51375 /* PullRequest.swift */; };
		9B1BDF21224FBF3300F51375 /* SearchResult.swift in Sources */ = {isa = PBXBuildFile; fileRef = 9B1BDF02224FBF3300F51375 /* SearchResult.swift */; };
		9B1BDF22224FBF3300F51375 /* Milestone.swift in Sources */ = {isa = PBXBuildFile; fileRef = 9B1BDF03224FBF3300F51375 /* Milestone.swift */; };
		9B1BDF23224FBF3300F51375 /* User.swift in Sources */ = {isa = PBXBuildFile; fileRef = 9B1BDF04224FBF3300F51375 /* User.swift */; };
		9B1BDF24224FBF3300F51375 /* Issue.swift in Sources */ = {isa = PBXBuildFile; fileRef = 9B1BDF05224FBF3300F51375 /* Issue.swift */; };
		9B1BDF25224FBF3300F51375 /* Repository.swift in Sources */ = {isa = PBXBuildFile; fileRef = 9B1BDF06224FBF3300F51375 /* Repository.swift */; };
		9B1BDF442252961600F51375 /* OptionalCoordinator.swift in Sources */ = {isa = PBXBuildFile; fileRef = 9B1BDF432252961600F51375 /* OptionalCoordinator.swift */; };
		9B1BE022225303C800F51375 /* Module.swift in Sources */ = {isa = PBXBuildFile; fileRef = 9B1BE021225303C800F51375 /* Module.swift */; };
		9B2A78092253F06B006BECDC /* CallbackHandler.swift in Sources */ = {isa = PBXBuildFile; fileRef = 9B2A78082253F06B006BECDC /* CallbackHandler.swift */; };
		9B2A7866225413D8006BECDC /* Moya.framework in Frameworks */ = {isa = PBXBuildFile; fileRef = 9B2A7854225413D7006BECDC /* Moya.framework */; };
		9B2A7867225413D8006BECDC /* Action.framework in Frameworks */ = {isa = PBXBuildFile; fileRef = 9B2A7855225413D7006BECDC /* Action.framework */; };
		9B2A7868225413D8006BECDC /* XCoordinator.framework in Frameworks */ = {isa = PBXBuildFile; fileRef = 9B2A7856225413D7006BECDC /* XCoordinator.framework */; };
		9B2A7869225413D8006BECDC /* Alamofire.framework in Frameworks */ = {isa = PBXBuildFile; fileRef = 9B2A7857225413D7006BECDC /* Alamofire.framework */; };
		9B2A786A225413D8006BECDC /* RxMoya.framework in Frameworks */ = {isa = PBXBuildFile; fileRef = 9B2A7858225413D7006BECDC /* RxMoya.framework */; };
		9B2A786C225413D8006BECDC /* RxSwift.framework in Frameworks */ = {isa = PBXBuildFile; fileRef = 9B2A785A225413D7006BECDC /* RxSwift.framework */; };
		9B2A786F225413D8006BECDC /* RxCocoa.framework in Frameworks */ = {isa = PBXBuildFile; fileRef = 9B2A785D225413D7006BECDC /* RxCocoa.framework */; };
		9B2A7872225413D8006BECDC /* AlamofireImage.framework in Frameworks */ = {isa = PBXBuildFile; fileRef = 9B2A7860225413D7006BECDC /* AlamofireImage.framework */; };
		9B2A7875225413D8006BECDC /* Result.framework in Frameworks */ = {isa = PBXBuildFile; fileRef = 9B2A7863225413D7006BECDC /* Result.framework */; };
		9B2A7876225413D8006BECDC /* RxAtomic.framework in Frameworks */ = {isa = PBXBuildFile; fileRef = 9B2A7864225413D7006BECDC /* RxAtomic.framework */; };
		9B2A7878225413DE006BECDC /* Action.framework in CopyFiles */ = {isa = PBXBuildFile; fileRef = 9B2A7855225413D7006BECDC /* Action.framework */; settings = {ATTRIBUTES = (CodeSignOnCopy, RemoveHeadersOnCopy, ); }; };
		9B2A7879225413DE006BECDC /* Alamofire.framework in CopyFiles */ = {isa = PBXBuildFile; fileRef = 9B2A7857225413D7006BECDC /* Alamofire.framework */; settings = {ATTRIBUTES = (CodeSignOnCopy, RemoveHeadersOnCopy, ); }; };
		9B2A787A225413DE006BECDC /* AlamofireImage.framework in CopyFiles */ = {isa = PBXBuildFile; fileRef = 9B2A7860225413D7006BECDC /* AlamofireImage.framework */; settings = {ATTRIBUTES = (CodeSignOnCopy, RemoveHeadersOnCopy, ); }; };
		9B2A787B225413DE006BECDC /* Moya.framework in CopyFiles */ = {isa = PBXBuildFile; fileRef = 9B2A7854225413D7006BECDC /* Moya.framework */; settings = {ATTRIBUTES = (CodeSignOnCopy, RemoveHeadersOnCopy, ); }; };
		9B2A787C225413DE006BECDC /* Nimble.framework in CopyFiles */ = {isa = PBXBuildFile; fileRef = 9B2A785C225413D7006BECDC /* Nimble.framework */; settings = {ATTRIBUTES = (CodeSignOnCopy, RemoveHeadersOnCopy, ); }; };
		9B2A787D225413DE006BECDC /* Quick.framework in CopyFiles */ = {isa = PBXBuildFile; fileRef = 9B2A7862225413D7006BECDC /* Quick.framework */; settings = {ATTRIBUTES = (CodeSignOnCopy, RemoveHeadersOnCopy, ); }; };
		9B2A787E225413DE006BECDC /* Result.framework in CopyFiles */ = {isa = PBXBuildFile; fileRef = 9B2A7863225413D7006BECDC /* Result.framework */; settings = {ATTRIBUTES = (CodeSignOnCopy, RemoveHeadersOnCopy, ); }; };
		9B2A7880225413DE006BECDC /* RxAtomic.framework in CopyFiles */ = {isa = PBXBuildFile; fileRef = 9B2A7864225413D7006BECDC /* RxAtomic.framework */; settings = {ATTRIBUTES = (CodeSignOnCopy, RemoveHeadersOnCopy, ); }; };
		9B2A7882225413DE006BECDC /* RxCocoa.framework in CopyFiles */ = {isa = PBXBuildFile; fileRef = 9B2A785D225413D7006BECDC /* RxCocoa.framework */; settings = {ATTRIBUTES = (CodeSignOnCopy, RemoveHeadersOnCopy, ); }; };
		9B2A7883225413DE006BECDC /* RxMoya.framework in CopyFiles */ = {isa = PBXBuildFile; fileRef = 9B2A7858225413D7006BECDC /* RxMoya.framework */; settings = {ATTRIBUTES = (CodeSignOnCopy, RemoveHeadersOnCopy, ); }; };
		9B2A7884225413DE006BECDC /* RxNimbleRxBlocking.framework in CopyFiles */ = {isa = PBXBuildFile; fileRef = 9B2A7865225413D7006BECDC /* RxNimbleRxBlocking.framework */; settings = {ATTRIBUTES = (CodeSignOnCopy, RemoveHeadersOnCopy, ); }; };
		9B2A7885225413DE006BECDC /* RxNimbleRxTest.framework in CopyFiles */ = {isa = PBXBuildFile; fileRef = 9B2A7861225413D7006BECDC /* RxNimbleRxTest.framework */; settings = {ATTRIBUTES = (CodeSignOnCopy, RemoveHeadersOnCopy, ); }; };
		9B2A7886225413DE006BECDC /* RxSwift.framework in CopyFiles */ = {isa = PBXBuildFile; fileRef = 9B2A785A225413D7006BECDC /* RxSwift.framework */; settings = {ATTRIBUTES = (CodeSignOnCopy, RemoveHeadersOnCopy, ); }; };
		9B2A7889225413DE006BECDC /* XCoordinator.framework in CopyFiles */ = {isa = PBXBuildFile; fileRef = 9B2A7856225413D7006BECDC /* XCoordinator.framework */; settings = {ATTRIBUTES = (CodeSignOnCopy, RemoveHeadersOnCopy, ); }; };
		9B2A788A225413E5006BECDC /* Action.framework in Frameworks */ = {isa = PBXBuildFile; fileRef = 9B2A7855225413D7006BECDC /* Action.framework */; };
		9B2A788B225413E5006BECDC /* Alamofire.framework in Frameworks */ = {isa = PBXBuildFile; fileRef = 9B2A7857225413D7006BECDC /* Alamofire.framework */; };
		9B2A788C225413E5006BECDC /* AlamofireImage.framework in Frameworks */ = {isa = PBXBuildFile; fileRef = 9B2A7860225413D7006BECDC /* AlamofireImage.framework */; };
		9B2A788D225413E5006BECDC /* Moya.framework in Frameworks */ = {isa = PBXBuildFile; fileRef = 9B2A7854225413D7006BECDC /* Moya.framework */; };
		9B2A788E225413E5006BECDC /* Nimble.framework in Frameworks */ = {isa = PBXBuildFile; fileRef = 9B2A785C225413D7006BECDC /* Nimble.framework */; };
		9B2A788F225413E5006BECDC /* Quick.framework in Frameworks */ = {isa = PBXBuildFile; fileRef = 9B2A7862225413D7006BECDC /* Quick.framework */; };
		9B2A7890225413E5006BECDC /* Result.framework in Frameworks */ = {isa = PBXBuildFile; fileRef = 9B2A7863225413D7006BECDC /* Result.framework */; };
		9B2A7892225413E5006BECDC /* RxAtomic.framework in Frameworks */ = {isa = PBXBuildFile; fileRef = 9B2A7864225413D7006BECDC /* RxAtomic.framework */; };
		9B2A7894225413E5006BECDC /* RxCocoa.framework in Frameworks */ = {isa = PBXBuildFile; fileRef = 9B2A785D225413D7006BECDC /* RxCocoa.framework */; };
		9B2A7895225413E5006BECDC /* RxMoya.framework in Frameworks */ = {isa = PBXBuildFile; fileRef = 9B2A7858225413D7006BECDC /* RxMoya.framework */; };
		9B2A7896225413E5006BECDC /* RxNimbleRxBlocking.framework in Frameworks */ = {isa = PBXBuildFile; fileRef = 9B2A7865225413D7006BECDC /* RxNimbleRxBlocking.framework */; };
		9B2A7897225413E5006BECDC /* RxNimbleRxTest.framework in Frameworks */ = {isa = PBXBuildFile; fileRef = 9B2A7861225413D7006BECDC /* RxNimbleRxTest.framework */; };
		9B2A7898225413E5006BECDC /* RxSwift.framework in Frameworks */ = {isa = PBXBuildFile; fileRef = 9B2A785A225413D7006BECDC /* RxSwift.framework */; };
		9B2A789B225413E5006BECDC /* XCoordinator.framework in Frameworks */ = {isa = PBXBuildFile; fileRef = 9B2A7856225413D7006BECDC /* XCoordinator.framework */; };
		9B2A78B3225415F6006BECDC /* APIError.swift in Sources */ = {isa = PBXBuildFile; fileRef = 9B2A78B2225415F6006BECDC /* APIError.swift */; };
		9B2A78CD22542F9B006BECDC /* RxTest.framework in Frameworks */ = {isa = PBXBuildFile; fileRef = 9B2A785B225413D7006BECDC /* RxTest.framework */; };
		9B2A78CE22542F9B006BECDC /* RxBlocking.framework in Frameworks */ = {isa = PBXBuildFile; fileRef = 9B2A785E225413D7006BECDC /* RxBlocking.framework */; };
/* End PBXBuildFile section */

/* Begin PBXContainerItemProxy section */
		9B1BDEC8224FBEC600F51375 /* PBXContainerItemProxy */ = {
			isa = PBXContainerItemProxy;
			containerPortal = 9B1BDEB4224FBEC600F51375 /* Project object */;
			proxyType = 1;
			remoteGlobalIDString = 9B1BDEBC224FBEC600F51375;
			remoteInfo = MATKit;
		};
/* End PBXContainerItemProxy section */

/* Begin PBXCopyFilesBuildPhase section */
		9B2A782F2254132C006BECDC /* CopyFiles */ = {
			isa = PBXCopyFilesBuildPhase;
			buildActionMask = 2147483647;
			dstPath = "";
			dstSubfolderSpec = 10;
			files = (
				9B2A7878225413DE006BECDC /* Action.framework in CopyFiles */,
				9B2A7879225413DE006BECDC /* Alamofire.framework in CopyFiles */,
				9B2A787A225413DE006BECDC /* AlamofireImage.framework in CopyFiles */,
				9B2A787B225413DE006BECDC /* Moya.framework in CopyFiles */,
				9B2A787C225413DE006BECDC /* Nimble.framework in CopyFiles */,
				9B2A787D225413DE006BECDC /* Quick.framework in CopyFiles */,
				9B2A787E225413DE006BECDC /* Result.framework in CopyFiles */,
				9B2A7880225413DE006BECDC /* RxAtomic.framework in CopyFiles */,
				9B2A7882225413DE006BECDC /* RxCocoa.framework in CopyFiles */,
				9B2A7883225413DE006BECDC /* RxMoya.framework in CopyFiles */,
				9B2A7884225413DE006BECDC /* RxNimbleRxBlocking.framework in CopyFiles */,
				9B2A7885225413DE006BECDC /* RxNimbleRxTest.framework in CopyFiles */,
				9B2A7886225413DE006BECDC /* RxSwift.framework in CopyFiles */,
				9B2A7889225413DE006BECDC /* XCoordinator.framework in CopyFiles */,
			);
			runOnlyForDeploymentPostprocessing = 0;
		};
/* End PBXCopyFilesBuildPhase section */

/* Begin PBXFileReference section */
		9B1BDEBD224FBEC600F51375 /* MATKit.framework */ = {isa = PBXFileReference; explicitFileType = wrapper.framework; includeInIndex = 0; path = MATKit.framework; sourceTree = BUILT_PRODUCTS_DIR; };
		9B1BDEC0224FBEC600F51375 /* MATKit.h */ = {isa = PBXFileReference; lastKnownFileType = sourcecode.c.h; path = MATKit.h; sourceTree = "<group>"; };
		9B1BDEC1224FBEC600F51375 /* Info.plist */ = {isa = PBXFileReference; lastKnownFileType = text.plist.xml; path = Info.plist; sourceTree = "<group>"; };
		9B1BDEC6224FBEC600F51375 /* MATKitTests.xctest */ = {isa = PBXFileReference; explicitFileType = wrapper.cfbundle; includeInIndex = 0; path = MATKitTests.xctest; sourceTree = BUILT_PRODUCTS_DIR; };
		9B1BDECB224FBEC600F51375 /* MATKitTests.swift */ = {isa = PBXFileReference; lastKnownFileType = sourcecode.swift; path = MATKitTests.swift; sourceTree = "<group>"; };
		9B1BDECD224FBEC600F51375 /* Info.plist */ = {isa = PBXFileReference; lastKnownFileType = text.plist.xml; path = Info.plist; sourceTree = "<group>"; };
		9B1BDED9224FBF3300F51375 /* CacheControlPlugin.swift */ = {isa = PBXFileReference; fileEncoding = 4; lastKnownFileType = sourcecode.swift; path = CacheControlPlugin.swift; sourceTree = "<group>"; };
		9B1BDEDA224FBF3300F51375 /* NetworkActivityIndicatorPlugin.swift */ = {isa = PBXFileReference; fileEncoding = 4; lastKnownFileType = sourcecode.swift; path = NetworkActivityIndicatorPlugin.swift; sourceTree = "<group>"; };
		9B1BDEDD224FBF3300F51375 /* Rx+LoadingOverlayView.swift */ = {isa = PBXFileReference; fileEncoding = 4; lastKnownFileType = sourcecode.swift; path = "Rx+LoadingOverlayView.swift"; sourceTree = "<group>"; };
		9B1BDEDE224FBF3300F51375 /* LoadingOverlayView.swift */ = {isa = PBXFileReference; fileEncoding = 4; lastKnownFileType = sourcecode.swift; path = LoadingOverlayView.swift; sourceTree = "<group>"; };
		9B1BDEDF224FBF3300F51375 /* AppRoute.swift */ = {isa = PBXFileReference; fileEncoding = 4; lastKnownFileType = sourcecode.swift; path = AppRoute.swift; sourceTree = "<group>"; };
		9B1BDEE1224FBF3300F51375 /* ViewModelBindable.swift */ = {isa = PBXFileReference; fileEncoding = 4; lastKnownFileType = sourcecode.swift; path = ViewModelBindable.swift; sourceTree = "<group>"; };
		9B1BDEE2224FBF3300F51375 /* ViewModelType.swift */ = {isa = PBXFileReference; fileEncoding = 4; lastKnownFileType = sourcecode.swift; path = ViewModelType.swift; sourceTree = "<group>"; };
		9B1BDEE3224FBF3300F51375 /* UtilsWrapper.swift */ = {isa = PBXFileReference; fileEncoding = 4; lastKnownFileType = sourcecode.swift; path = UtilsWrapper.swift; sourceTree = "<group>"; };
		9B1BDEE6224FBF3300F51375 /* DataRequest+Rx.swift */ = {isa = PBXFileReference; fileEncoding = 4; lastKnownFileType = sourcecode.swift; path = "DataRequest+Rx.swift"; sourceTree = "<group>"; };
		9B1BDEE7224FBF3300F51375 /* Alamofire+DataResponseType.swift */ = {isa = PBXFileReference; fileEncoding = 4; lastKnownFileType = sourcecode.swift; path = "Alamofire+DataResponseType.swift"; sourceTree = "<group>"; };
		9B1BDEE8224FBF3300F51375 /* DataResponse+Rx.swift */ = {isa = PBXFileReference; fileEncoding = 4; lastKnownFileType = sourcecode.swift; path = "DataResponse+Rx.swift"; sourceTree = "<group>"; };
		9B1BDEEA224FBF3300F51375 /* UIViewControllerExtensions.swift */ = {isa = PBXFileReference; fileEncoding = 4; lastKnownFileType = sourcecode.swift; path = UIViewControllerExtensions.swift; sourceTree = "<group>"; };
		9B1BDEEC224FBF3300F51375 /* CodableExtension.swift */ = {isa = PBXFileReference; fileEncoding = 4; lastKnownFileType = sourcecode.swift; path = CodableExtension.swift; sourceTree = "<group>"; };
		9B1BDEEE224FBF3300F51375 /* ActionType.swift */ = {isa = PBXFileReference; fileEncoding = 4; lastKnownFileType = sourcecode.swift; path = ActionType.swift; sourceTree = "<group>"; };
		9B1BDEEF224FBF3300F51375 /* ActionExtensions.swift */ = {isa = PBXFileReference; fileEncoding = 4; lastKnownFileType = sourcecode.swift; path = ActionExtensions.swift; sourceTree = "<group>"; };
		9B1BDEF1224FBF3300F51375 /* RxExtension.swift */ = {isa = PBXFileReference; fileEncoding = 4; lastKnownFileType = sourcecode.swift; path = RxExtension.swift; sourceTree = "<group>"; };
		9B1BDEF2224FBF3300F51375 /* Rx+UIViewController.swift */ = {isa = PBXFileReference; fileEncoding = 4; lastKnownFileType = sourcecode.swift; path = "Rx+UIViewController.swift"; sourceTree = "<group>"; };
		9B1BDEF4224FBF3300F51375 /* RxOptionalError.swift */ = {isa = PBXFileReference; fileEncoding = 4; lastKnownFileType = sourcecode.swift; path = RxOptionalError.swift; sourceTree = "<group>"; };
		9B1BDEF5224FBF3300F51375 /* Observable+Optional.swift */ = {isa = PBXFileReference; fileEncoding = 4; lastKnownFileType = sourcecode.swift; path = "Observable+Optional.swift"; sourceTree = "<group>"; };
		9B1BDEF6224FBF3300F51375 /* OptionalType.swift */ = {isa = PBXFileReference; fileEncoding = 4; lastKnownFileType = sourcecode.swift; path = OptionalType.swift; sourceTree = "<group>"; };
		9B1BDEF7224FBF3300F51375 /* SharedSequence+Optional.swift */ = {isa = PBXFileReference; fileEncoding = 4; lastKnownFileType = sourcecode.swift; path = "SharedSequence+Optional.swift"; sourceTree = "<group>"; };
		9B1BDEFC224FBF3300F51375 /* GitHubAPI.swift */ = {isa = PBXFileReference; fileEncoding = 4; lastKnownFileType = sourcecode.swift; path = GitHubAPI.swift; sourceTree = "<group>"; };
		9B1BDEFD224FBF3300F51375 /* GitHubTarget.swift */ = {isa = PBXFileReference; fileEncoding = 4; lastKnownFileType = sourcecode.swift; path = GitHubTarget.swift; sourceTree = "<group>"; };
		9B1BDEFE224FBF3300F51375 /* GitHubMocks.swift */ = {isa = PBXFileReference; fileEncoding = 4; lastKnownFileType = sourcecode.swift; path = GitHubMocks.swift; sourceTree = "<group>"; };
		9B1BDF01224FBF3300F51375 /* PullRequest.swift */ = {isa = PBXFileReference; fileEncoding = 4; lastKnownFileType = sourcecode.swift; path = PullRequest.swift; sourceTree = "<group>"; };
		9B1BDF02224FBF3300F51375 /* SearchResult.swift */ = {isa = PBXFileReference; fileEncoding = 4; lastKnownFileType = sourcecode.swift; path = SearchResult.swift; sourceTree = "<group>"; };
		9B1BDF03224FBF3300F51375 /* Milestone.swift */ = {isa = PBXFileReference; fileEncoding = 4; lastKnownFileType = sourcecode.swift; path = Milestone.swift; sourceTree = "<group>"; };
		9B1BDF04224FBF3300F51375 /* User.swift */ = {isa = PBXFileReference; fileEncoding = 4; lastKnownFileType = sourcecode.swift; path = User.swift; sourceTree = "<group>"; };
		9B1BDF05224FBF3300F51375 /* Issue.swift */ = {isa = PBXFileReference; fileEncoding = 4; lastKnownFileType = sourcecode.swift; path = Issue.swift; sourceTree = "<group>"; };
		9B1BDF06224FBF3300F51375 /* Repository.swift */ = {isa = PBXFileReference; fileEncoding = 4; lastKnownFileType = sourcecode.swift; path = Repository.swift; sourceTree = "<group>"; };
		9B1BDF432252961600F51375 /* OptionalCoordinator.swift */ = {isa = PBXFileReference; lastKnownFileType = sourcecode.swift; path = OptionalCoordinator.swift; sourceTree = "<group>"; };
		9B1BE021225303C800F51375 /* Module.swift */ = {isa = PBXFileReference; lastKnownFileType = sourcecode.swift; name = Module.swift; path = MATKit/Kit/Module.swift; sourceTree = SOURCE_ROOT; };
		9B2A78082253F06B006BECDC /* CallbackHandler.swift */ = {isa = PBXFileReference; fileEncoding = 4; lastKnownFileType = sourcecode.swift; path = CallbackHandler.swift; sourceTree = "<group>"; };
		9B2A7854225413D7006BECDC /* Moya.framework */ = {isa = PBXFileReference; lastKnownFileType = wrapper.framework; path = Moya.framework; sourceTree = "<group>"; };
		9B2A7855225413D7006BECDC /* Action.framework */ = {isa = PBXFileReference; lastKnownFileType = wrapper.framework; path = Action.framework; sourceTree = "<group>"; };
		9B2A7856225413D7006BECDC /* XCoordinator.framework */ = {isa = PBXFileReference; lastKnownFileType = wrapper.framework; path = XCoordinator.framework; sourceTree = "<group>"; };
		9B2A7857225413D7006BECDC /* Alamofire.framework */ = {isa = PBXFileReference; lastKnownFileType = wrapper.framework; path = Alamofire.framework; sourceTree = "<group>"; };
		9B2A7858225413D7006BECDC /* RxMoya.framework */ = {isa = PBXFileReference; lastKnownFileType = wrapper.framework; path = RxMoya.framework; sourceTree = "<group>"; };
		9B2A785A225413D7006BECDC /* RxSwift.framework */ = {isa = PBXFileReference; lastKnownFileType = wrapper.framework; path = RxSwift.framework; sourceTree = "<group>"; };
		9B2A785B225413D7006BECDC /* RxTest.framework */ = {isa = PBXFileReference; lastKnownFileType = wrapper.framework; path = RxTest.framework; sourceTree = "<group>"; };
		9B2A785C225413D7006BECDC /* Nimble.framework */ = {isa = PBXFileReference; lastKnownFileType = wrapper.framework; path = Nimble.framework; sourceTree = "<group>"; };
		9B2A785D225413D7006BECDC /* RxCocoa.framework */ = {isa = PBXFileReference; lastKnownFileType = wrapper.framework; path = RxCocoa.framework; sourceTree = "<group>"; };
		9B2A785E225413D7006BECDC /* RxBlocking.framework */ = {isa = PBXFileReference; lastKnownFileType = wrapper.framework; path = RxBlocking.framework; sourceTree = "<group>"; };
		9B2A7860225413D7006BECDC /* AlamofireImage.framework */ = {isa = PBXFileReference; lastKnownFileType = wrapper.framework; path = AlamofireImage.framework; sourceTree = "<group>"; };
		9B2A7861225413D7006BECDC /* RxNimbleRxTest.framework */ = {isa = PBXFileReference; lastKnownFileType = wrapper.framework; path = RxNimbleRxTest.framework; sourceTree = "<group>"; };
		9B2A7862225413D7006BECDC /* Quick.framework */ = {isa = PBXFileReference; lastKnownFileType = wrapper.framework; path = Quick.framework; sourceTree = "<group>"; };
		9B2A7863225413D7006BECDC /* Result.framework */ = {isa = PBXFileReference; lastKnownFileType = wrapper.framework; path = Result.framework; sourceTree = "<group>"; };
		9B2A7864225413D7006BECDC /* RxAtomic.framework */ = {isa = PBXFileReference; lastKnownFileType = wrapper.framework; path = RxAtomic.framework; sourceTree = "<group>"; };
		9B2A7865225413D7006BECDC /* RxNimbleRxBlocking.framework */ = {isa = PBXFileReference; lastKnownFileType = wrapper.framework; path = RxNimbleRxBlocking.framework; sourceTree = "<group>"; };
		9B2A78B2225415F6006BECDC /* APIError.swift */ = {isa = PBXFileReference; lastKnownFileType = sourcecode.swift; path = APIError.swift; sourceTree = "<group>"; };
/* End PBXFileReference section */

/* Begin PBXFrameworksBuildPhase section */
		9B1BDEBA224FBEC600F51375 /* Frameworks */ = {
			isa = PBXFrameworksBuildPhase;
			buildActionMask = 2147483647;
			files = (
				9B2A786A225413D8006BECDC /* RxMoya.framework in Frameworks */,
				9B2A786C225413D8006BECDC /* RxSwift.framework in Frameworks */,
				9B2A7868225413D8006BECDC /* XCoordinator.framework in Frameworks */,
				9B2A7867225413D8006BECDC /* Action.framework in Frameworks */,
				9B2A7866225413D8006BECDC /* Moya.framework in Frameworks */,
				9B2A7875225413D8006BECDC /* Result.framework in Frameworks */,
				9B2A7876225413D8006BECDC /* RxAtomic.framework in Frameworks */,
				9B2A7872225413D8006BECDC /* AlamofireImage.framework in Frameworks */,
				9B2A786F225413D8006BECDC /* RxCocoa.framework in Frameworks */,
				9B2A7869225413D8006BECDC /* Alamofire.framework in Frameworks */,
			);
			runOnlyForDeploymentPostprocessing = 0;
		};
		9B1BDEC3224FBEC600F51375 /* Frameworks */ = {
			isa = PBXFrameworksBuildPhase;
			buildActionMask = 2147483647;
			files = (
				9B2A78CE22542F9B006BECDC /* RxBlocking.framework in Frameworks */,
				9B1BDEC7224FBEC600F51375 /* MATKit.framework in Frameworks */,
				9B2A788A225413E5006BECDC /* Action.framework in Frameworks */,
				9B2A788B225413E5006BECDC /* Alamofire.framework in Frameworks */,
				9B2A788C225413E5006BECDC /* AlamofireImage.framework in Frameworks */,
				9B2A788D225413E5006BECDC /* Moya.framework in Frameworks */,
				9B2A788E225413E5006BECDC /* Nimble.framework in Frameworks */,
				9B2A78CD22542F9B006BECDC /* RxTest.framework in Frameworks */,
				9B2A788F225413E5006BECDC /* Quick.framework in Frameworks */,
				9B2A7890225413E5006BECDC /* Result.framework in Frameworks */,
				9B2A7892225413E5006BECDC /* RxAtomic.framework in Frameworks */,
				9B2A7894225413E5006BECDC /* RxCocoa.framework in Frameworks */,
				9B2A7895225413E5006BECDC /* RxMoya.framework in Frameworks */,
				9B2A7896225413E5006BECDC /* RxNimbleRxBlocking.framework in Frameworks */,
				9B2A7897225413E5006BECDC /* RxNimbleRxTest.framework in Frameworks */,
				9B2A7898225413E5006BECDC /* RxSwift.framework in Frameworks */,
				9B2A789B225413E5006BECDC /* XCoordinator.framework in Frameworks */,
			);
			runOnlyForDeploymentPostprocessing = 0;
		};
/* End PBXFrameworksBuildPhase section */

/* Begin PBXGroup section */
		9B1BDEB3224FBEC600F51375 = {
			isa = PBXGroup;
			children = (
				9B1BDEBF224FBEC600F51375 /* MATKit */,
				9B1BDECA224FBEC600F51375 /* MATKitTests */,
				9B1BDEBE224FBEC600F51375 /* Products */,
				9B2A780A22541311006BECDC /* Frameworks */,
			);
			sourceTree = "<group>";
		};
		9B1BDEBE224FBEC600F51375 /* Products */ = {
			isa = PBXGroup;
			children = (
				9B1BDEBD224FBEC600F51375 /* MATKit.framework */,
				9B1BDEC6224FBEC600F51375 /* MATKitTests.xctest */,
			);
			name = Products;
			sourceTree = "<group>";
		};
		9B1BDEBF224FBEC600F51375 /* MATKit */ = {
			isa = PBXGroup;
			children = (
				9B1BDED7224FBF3300F51375 /* Kit */,
				9B1BDEF9224FBF3300F51375 /* Service */,
				9B1BDEC0224FBEC600F51375 /* MATKit.h */,
				9B1BDEC1224FBEC600F51375 /* Info.plist */,
			);
			path = MATKit;
			sourceTree = "<group>";
		};
		9B1BDECA224FBEC600F51375 /* MATKitTests */ = {
			isa = PBXGroup;
			children = (
				9B1BDECB224FBEC600F51375 /* MATKitTests.swift */,
				9B1BDECD224FBEC600F51375 /* Info.plist */,
			);
			path = MATKitTests;
			sourceTree = "<group>";
		};
		9B1BDED7224FBF3300F51375 /* Kit */ = {
			isa = PBXGroup;
			children = (
				9B1BDF422252960100F51375 /* XCoordinator */,
				9B1BDED8224FBF3300F51375 /* Moya */,
				9B1BDEDB224FBF3300F51375 /* UI */,
				9B1BDEE0224FBF3300F51375 /* ViewModelType */,
				9B1BDEE3224FBF3300F51375 /* UtilsWrapper.swift */,
				9B2A78082253F06B006BECDC /* CallbackHandler.swift */,
				9B1BDEE4224FBF3300F51375 /* Extensions */,
			);
			path = Kit;
			sourceTree = "<group>";
		};
		9B1BDED8224FBF3300F51375 /* Moya */ = {
			isa = PBXGroup;
			children = (
				9B1BDED9224FBF3300F51375 /* CacheControlPlugin.swift */,
				9B1BDEDA224FBF3300F51375 /* NetworkActivityIndicatorPlugin.swift */,
			);
			path = Moya;
			sourceTree = "<group>";
		};
		9B1BDEDB224FBF3300F51375 /* UI */ = {
			isa = PBXGroup;
			children = (
				9B1BDEDC224FBF3300F51375 /* LoadingOverlayView */,
			);
			path = UI;
			sourceTree = "<group>";
		};
		9B1BDEDC224FBF3300F51375 /* LoadingOverlayView */ = {
			isa = PBXGroup;
			children = (
				9B1BDEDD224FBF3300F51375 /* Rx+LoadingOverlayView.swift */,
				9B1BDEDE224FBF3300F51375 /* LoadingOverlayView.swift */,
			);
			path = LoadingOverlayView;
			sourceTree = "<group>";
		};
		9B1BDEE0224FBF3300F51375 /* ViewModelType */ = {
			isa = PBXGroup;
			children = (
				9B1BDEE1224FBF3300F51375 /* ViewModelBindable.swift */,
				9B1BDEE2224FBF3300F51375 /* ViewModelType.swift */,
			);
			path = ViewModelType;
			sourceTree = "<group>";
		};
		9B1BDEE4224FBF3300F51375 /* Extensions */ = {
			isa = PBXGroup;
			children = (
				9B1BDEE5224FBF3300F51375 /* Alamofire */,
				9B1BDEE9224FBF3300F51375 /* UIKit */,
				9B1BDEEB224FBF3300F51375 /* Foundation */,
				9B1BDEED224FBF3300F51375 /* Action */,
				9B1BDEF0224FBF3300F51375 /* Rx */,
			);
			path = Extensions;
			sourceTree = "<group>";
		};
		9B1BDEE5224FBF3300F51375 /* Alamofire */ = {
			isa = PBXGroup;
			children = (
				9B1BDEE6224FBF3300F51375 /* DataRequest+Rx.swift */,
				9B1BDEE7224FBF3300F51375 /* Alamofire+DataResponseType.swift */,
				9B1BDEE8224FBF3300F51375 /* DataResponse+Rx.swift */,
			);
			path = Alamofire;
			sourceTree = "<group>";
		};
		9B1BDEE9224FBF3300F51375 /* UIKit */ = {
			isa = PBXGroup;
			children = (
				9B1BDEEA224FBF3300F51375 /* UIViewControllerExtensions.swift */,
			);
			path = UIKit;
			sourceTree = "<group>";
		};
		9B1BDEEB224FBF3300F51375 /* Foundation */ = {
			isa = PBXGroup;
			children = (
				9B1BDEEC224FBF3300F51375 /* CodableExtension.swift */,
			);
			path = Foundation;
			sourceTree = "<group>";
		};
		9B1BDEED224FBF3300F51375 /* Action */ = {
			isa = PBXGroup;
			children = (
				9B1BDEEE224FBF3300F51375 /* ActionType.swift */,
				9B1BDEEF224FBF3300F51375 /* ActionExtensions.swift */,
			);
			path = Action;
			sourceTree = "<group>";
		};
		9B1BDEF0224FBF3300F51375 /* Rx */ = {
			isa = PBXGroup;
			children = (
				9B1BDEF1224FBF3300F51375 /* RxExtension.swift */,
				9B1BDEF2224FBF3300F51375 /* Rx+UIViewController.swift */,
				9B1BDEF3224FBF3300F51375 /* Rx+Optional */,
			);
			path = Rx;
			sourceTree = "<group>";
		};
		9B1BDEF3224FBF3300F51375 /* Rx+Optional */ = {
			isa = PBXGroup;
			children = (
				9B1BDEF4224FBF3300F51375 /* RxOptionalError.swift */,
				9B1BDEF5224FBF3300F51375 /* Observable+Optional.swift */,
				9B1BDEF6224FBF3300F51375 /* OptionalType.swift */,
				9B1BDEF7224FBF3300F51375 /* SharedSequence+Optional.swift */,
			);
			path = "Rx+Optional";
			sourceTree = "<group>";
		};
		9B1BDEF9224FBF3300F51375 /* Service */ = {
			isa = PBXGroup;
			children = (
				9B1BDEFA224FBF3300F51375 /* APIs */,
				9B1BDEFF224FBF3300F51375 /* Entities */,
			);
			path = Service;
			sourceTree = "<group>";
		};
		9B1BDEFA224FBF3300F51375 /* APIs */ = {
			isa = PBXGroup;
			children = (
				9B1BDEFB224FBF3300F51375 /* GitHub */,
			);
			path = APIs;
			sourceTree = "<group>";
		};
		9B1BDEFB224FBF3300F51375 /* GitHub */ = {
			isa = PBXGroup;
			children = (
				9B1BDEFC224FBF3300F51375 /* GitHubAPI.swift */,
				9B1BDEFD224FBF3300F51375 /* GitHubTarget.swift */,
				9B1BDEFE224FBF3300F51375 /* GitHubMocks.swift */,
			);
			path = GitHub;
			sourceTree = "<group>";
		};
		9B1BDEFF224FBF3300F51375 /* Entities */ = {
			isa = PBXGroup;
			children = (
				9B1BDF00224FBF3300F51375 /* GitHub */,
				9B2A78B2225415F6006BECDC /* APIError.swift */,
			);
			path = Entities;
			sourceTree = "<group>";
		};
		9B1BDF00224FBF3300F51375 /* GitHub */ = {
			isa = PBXGroup;
			children = (
				9B1BDF01224FBF3300F51375 /* PullRequest.swift */,
				9B1BDF02224FBF3300F51375 /* SearchResult.swift */,
				9B1BDF03224FBF3300F51375 /* Milestone.swift */,
				9B1BDF04224FBF3300F51375 /* User.swift */,
				9B1BDF05224FBF3300F51375 /* Issue.swift */,
				9B1BDF06224FBF3300F51375 /* Repository.swift */,
			);
			path = GitHub;
			sourceTree = "<group>";
		};
		9B1BDF422252960100F51375 /* XCoordinator */ = {
			isa = PBXGroup;
			children = (
				9B1BDEDF224FBF3300F51375 /* AppRoute.swift */,
				9B1BDF432252961600F51375 /* OptionalCoordinator.swift */,
				9B1BE021225303C800F51375 /* Module.swift */,
			);
			path = XCoordinator;
			sourceTree = "<group>";
		};
		9B2A780A22541311006BECDC /* Frameworks */ = {
			isa = PBXGroup;
			children = (
				9B2A78D322542FE0006BECDC /* Carthage */,
			);
			name = Frameworks;
			sourceTree = "<group>";
		};
		9B2A78D322542FE0006BECDC /* Carthage */ = {
			isa = PBXGroup;
			children = (
				9B2A7864225413D7006BECDC /* RxAtomic.framework */,
				9B2A785A225413D7006BECDC /* RxSwift.framework */,
				9B2A785D225413D7006BECDC /* RxCocoa.framework */,
				9B2A7855225413D7006BECDC /* Action.framework */,
				9B2A7863225413D7006BECDC /* Result.framework */,
				9B2A7857225413D7006BECDC /* Alamofire.framework */,
				9B2A7860225413D7006BECDC /* AlamofireImage.framework */,
				9B2A7854225413D7006BECDC /* Moya.framework */,
				9B2A7858225413D7006BECDC /* RxMoya.framework */,
				9B2A7856225413D7006BECDC /* XCoordinator.framework */,
				9B2A785C225413D7006BECDC /* Nimble.framework */,
				9B2A7862225413D7006BECDC /* Quick.framework */,
				9B2A785B225413D7006BECDC /* RxTest.framework */,
				9B2A785E225413D7006BECDC /* RxBlocking.framework */,
				9B2A7865225413D7006BECDC /* RxNimbleRxBlocking.framework */,
				9B2A7861225413D7006BECDC /* RxNimbleRxTest.framework */,
			);
			name = Carthage;
			path = ../Carthage/Build/iOS;
			sourceTree = "<group>";
		};
/* End PBXGroup section */

/* Begin PBXHeadersBuildPhase section */
		9B1BDEB8224FBEC600F51375 /* Headers */ = {
			isa = PBXHeadersBuildPhase;
			buildActionMask = 2147483647;
			files = (
				9B1BDECE224FBEC600F51375 /* MATKit.h in Headers */,
			);
			runOnlyForDeploymentPostprocessing = 0;
		};
/* End PBXHeadersBuildPhase section */

/* Begin PBXNativeTarget section */
		9B1BDEBC224FBEC600F51375 /* MATKit */ = {
			isa = PBXNativeTarget;
			buildConfigurationList = 9B1BDED1224FBEC600F51375 /* Build configuration list for PBXNativeTarget "MATKit" */;
			buildPhases = (
				9B1BDEB8224FBEC600F51375 /* Headers */,
				9B1BDEB9224FBEC600F51375 /* Sources */,
				9B1BDEBA224FBEC600F51375 /* Frameworks */,
				9B1BDEBB224FBEC600F51375 /* Resources */,
			);
			buildRules = (
			);
			dependencies = (
			);
			name = MATKit;
			productName = MATKit;
			productReference = 9B1BDEBD224FBEC600F51375 /* MATKit.framework */;
			productType = "com.apple.product-type.framework";
		};
		9B1BDEC5224FBEC600F51375 /* MATKitTests */ = {
			isa = PBXNativeTarget;
			buildConfigurationList = 9B1BDED4224FBEC600F51375 /* Build configuration list for PBXNativeTarget "MATKitTests" */;
			buildPhases = (
				9B1BDEC2224FBEC600F51375 /* Sources */,
				9B1BDEC3224FBEC600F51375 /* Frameworks */,
				9B1BDEC4224FBEC600F51375 /* Resources */,
				9B2A782F2254132C006BECDC /* CopyFiles */,
			);
			buildRules = (
			);
			dependencies = (
				9B1BDEC9224FBEC600F51375 /* PBXTargetDependency */,
			);
			name = MATKitTests;
			productName = MATKitTests;
			productReference = 9B1BDEC6224FBEC600F51375 /* MATKitTests.xctest */;
			productType = "com.apple.product-type.bundle.unit-test";
		};
/* End PBXNativeTarget section */

/* Begin PBXProject section */
		9B1BDEB4224FBEC600F51375 /* Project object */ = {
			isa = PBXProject;
			attributes = {
				LastSwiftUpdateCheck = 1020;
				LastUpgradeCheck = 1020;
				ORGANIZATIONNAME = "Gustavo Vergara";
				TargetAttributes = {
					9B1BDEBC224FBEC600F51375 = {
						CreatedOnToolsVersion = 10.2;
					};
					9B1BDEC5224FBEC600F51375 = {
						CreatedOnToolsVersion = 10.2;
					};
				};
			};
			buildConfigurationList = 9B1BDEB7224FBEC600F51375 /* Build configuration list for PBXProject "MATKit" */;
			compatibilityVersion = "Xcode 9.3";
			developmentRegion = en;
			hasScannedForEncodings = 0;
			knownRegions = (
				en,
				Base,
			);
			mainGroup = 9B1BDEB3224FBEC600F51375;
			productRefGroup = 9B1BDEBE224FBEC600F51375 /* Products */;
			projectDirPath = "";
			projectRoot = "";
			targets = (
				9B1BDEBC224FBEC600F51375 /* MATKit */,
				9B1BDEC5224FBEC600F51375 /* MATKitTests */,
			);
		};
/* End PBXProject section */

/* Begin PBXResourcesBuildPhase section */
		9B1BDEBB224FBEC600F51375 /* Resources */ = {
			isa = PBXResourcesBuildPhase;
			buildActionMask = 2147483647;
			files = (
			);
			runOnlyForDeploymentPostprocessing = 0;
		};
		9B1BDEC4224FBEC600F51375 /* Resources */ = {
			isa = PBXResourcesBuildPhase;
			buildActionMask = 2147483647;
			files = (
			);
			runOnlyForDeploymentPostprocessing = 0;
		};
/* End PBXResourcesBuildPhase section */

/* Begin PBXSourcesBuildPhase section */
		9B1BDEB9224FBEC600F51375 /* Sources */ = {
			isa = PBXSourcesBuildPhase;
			buildActionMask = 2147483647;
			files = (
				9B1BDF25224FBF3300F51375 /* Repository.swift in Sources */,
				9B1BDF1F224FBF3300F51375 /* GitHubMocks.swift in Sources */,
				9B1BDF13224FBF3300F51375 /* CodableExtension.swift in Sources */,
				9B2A78B3225415F6006BECDC /* APIError.swift in Sources */,
				9B1BDF08224FBF3300F51375 /* NetworkActivityIndicatorPlugin.swift in Sources */,
				9B1BDF17224FBF3300F51375 /* Rx+UIViewController.swift in Sources */,
				9B1BDF0F224FBF3300F51375 /* DataRequest+Rx.swift in Sources */,
				9B1BDF24224FBF3300F51375 /* Issue.swift in Sources */,
				9B1BDF16224FBF3300F51375 /* RxExtension.swift in Sources */,
				9B1BDF22224FBF3300F51375 /* Milestone.swift in Sources */,
				9B1BDF10224FBF3300F51375 /* Alamofire+DataResponseType.swift in Sources */,
				9B1BDF23224FBF3300F51375 /* User.swift in Sources */,
				9B1BDF07224FBF3300F51375 /* CacheControlPlugin.swift in Sources */,
				9B1BDF1E224FBF3300F51375 /* GitHubTarget.swift in Sources */,
				9B1BE022225303C800F51375 /* Module.swift in Sources */,
				9B1BDF12224FBF3300F51375 /* UIViewControllerExtensions.swift in Sources */,
				9B2A78092253F06B006BECDC /* CallbackHandler.swift in Sources */,
				9B1BDF21224FBF3300F51375 /* SearchResult.swift in Sources */,
				9B1BDF19224FBF3300F51375 /* Observable+Optional.swift in Sources */,
				9B1BDF0B224FBF3300F51375 /* AppRoute.swift in Sources */,
				9B1BDF0C224FBF3300F51375 /* ViewModelBindable.swift in Sources */,
				9B1BDF18224FBF3300F51375 /* RxOptionalError.swift in Sources */,
				9B1BDF0A224FBF3300F51375 /* LoadingOverlayView.swift in Sources */,
				9B1BDF11224FBF3300F51375 /* DataResponse+Rx.swift in Sources */,
				9B1BDF20224FBF3300F51375 /* PullRequest.swift in Sources */,
				9B1BDF09224FBF3300F51375 /* Rx+LoadingOverlayView.swift in Sources */,
				9B1BDF0D224FBF3300F51375 /* ViewModelType.swift in Sources */,
				9B1BDF1B224FBF3300F51375 /* SharedSequence+Optional.swift in Sources */,
				9B1BDF0E224FBF3300F51375 /* UtilsWrapper.swift in Sources */,
				9B1BDF1A224FBF3300F51375 /* OptionalType.swift in Sources */,
				9B1BDF1D224FBF3300F51375 /* GitHubAPI.swift in Sources */,
				9B1BDF14224FBF3300F51375 /* ActionType.swift in Sources */,
				9B1BDF442252961600F51375 /* OptionalCoordinator.swift in Sources */,
				9B1BDF15224FBF3300F51375 /* ActionExtensions.swift in Sources */,
			);
			runOnlyForDeploymentPostprocessing = 0;
		};
		9B1BDEC2224FBEC600F51375 /* Sources */ = {
			isa = PBXSourcesBuildPhase;
			buildActionMask = 2147483647;
			files = (
				9B1BDECC224FBEC600F51375 /* MATKitTests.swift in Sources */,
			);
			runOnlyForDeploymentPostprocessing = 0;
		};
/* End PBXSourcesBuildPhase section */

/* Begin PBXTargetDependency section */
		9B1BDEC9224FBEC600F51375 /* PBXTargetDependency */ = {
			isa = PBXTargetDependency;
			target = 9B1BDEBC224FBEC600F51375 /* MATKit */;
			targetProxy = 9B1BDEC8224FBEC600F51375 /* PBXContainerItemProxy */;
		};
/* End PBXTargetDependency section */

/* Begin XCBuildConfiguration section */
		9B1BDECF224FBEC600F51375 /* Debug */ = {
			isa = XCBuildConfiguration;
			buildSettings = {
				ALWAYS_SEARCH_USER_PATHS = NO;
				CLANG_ANALYZER_NONNULL = YES;
				CLANG_ANALYZER_NUMBER_OBJECT_CONVERSION = YES_AGGRESSIVE;
				CLANG_CXX_LANGUAGE_STANDARD = "gnu++14";
				CLANG_CXX_LIBRARY = "libc++";
				CLANG_ENABLE_MODULES = YES;
				CLANG_ENABLE_OBJC_ARC = YES;
				CLANG_ENABLE_OBJC_WEAK = YES;
				CLANG_WARN_BLOCK_CAPTURE_AUTORELEASING = YES;
				CLANG_WARN_BOOL_CONVERSION = YES;
				CLANG_WARN_COMMA = YES;
				CLANG_WARN_CONSTANT_CONVERSION = YES;
				CLANG_WARN_DEPRECATED_OBJC_IMPLEMENTATIONS = YES;
				CLANG_WARN_DIRECT_OBJC_ISA_USAGE = YES_ERROR;
				CLANG_WARN_DOCUMENTATION_COMMENTS = YES;
				CLANG_WARN_EMPTY_BODY = YES;
				CLANG_WARN_ENUM_CONVERSION = YES;
				CLANG_WARN_INFINITE_RECURSION = YES;
				CLANG_WARN_INT_CONVERSION = YES;
				CLANG_WARN_NON_LITERAL_NULL_CONVERSION = YES;
				CLANG_WARN_OBJC_IMPLICIT_RETAIN_SELF = YES;
				CLANG_WARN_OBJC_LITERAL_CONVERSION = YES;
				CLANG_WARN_OBJC_ROOT_CLASS = YES_ERROR;
				CLANG_WARN_RANGE_LOOP_ANALYSIS = YES;
				CLANG_WARN_STRICT_PROTOTYPES = YES;
				CLANG_WARN_SUSPICIOUS_MOVE = YES;
				CLANG_WARN_UNGUARDED_AVAILABILITY = YES_AGGRESSIVE;
				CLANG_WARN_UNREACHABLE_CODE = YES;
				CLANG_WARN__DUPLICATE_METHOD_MATCH = YES;
				CODE_SIGN_IDENTITY = "iPhone Developer";
				COPY_PHASE_STRIP = NO;
				CURRENT_PROJECT_VERSION = 1;
				DEBUG_INFORMATION_FORMAT = dwarf;
				ENABLE_STRICT_OBJC_MSGSEND = YES;
				ENABLE_TESTABILITY = YES;
				GCC_C_LANGUAGE_STANDARD = gnu11;
				GCC_DYNAMIC_NO_PIC = NO;
				GCC_NO_COMMON_BLOCKS = YES;
				GCC_OPTIMIZATION_LEVEL = 0;
				GCC_PREPROCESSOR_DEFINITIONS = (
					"DEBUG=1",
					"$(inherited)",
				);
				GCC_WARN_64_TO_32_BIT_CONVERSION = YES;
				GCC_WARN_ABOUT_RETURN_TYPE = YES_ERROR;
				GCC_WARN_UNDECLARED_SELECTOR = YES;
				GCC_WARN_UNINITIALIZED_AUTOS = YES_AGGRESSIVE;
				GCC_WARN_UNUSED_FUNCTION = YES;
				GCC_WARN_UNUSED_VARIABLE = YES;
				IPHONEOS_DEPLOYMENT_TARGET = 11.0;
				MTL_ENABLE_DEBUG_INFO = INCLUDE_SOURCE;
				MTL_FAST_MATH = YES;
				ONLY_ACTIVE_ARCH = YES;
				SDKROOT = iphoneos;
				SWIFT_ACTIVE_COMPILATION_CONDITIONS = DEBUG;
				SWIFT_OPTIMIZATION_LEVEL = "-Onone";
				VERSIONING_SYSTEM = "apple-generic";
				VERSION_INFO_PREFIX = "";
			};
			name = Debug;
		};
		9B1BDED0224FBEC600F51375 /* Release */ = {
			isa = XCBuildConfiguration;
			buildSettings = {
				ALWAYS_SEARCH_USER_PATHS = NO;
				CLANG_ANALYZER_NONNULL = YES;
				CLANG_ANALYZER_NUMBER_OBJECT_CONVERSION = YES_AGGRESSIVE;
				CLANG_CXX_LANGUAGE_STANDARD = "gnu++14";
				CLANG_CXX_LIBRARY = "libc++";
				CLANG_ENABLE_MODULES = YES;
				CLANG_ENABLE_OBJC_ARC = YES;
				CLANG_ENABLE_OBJC_WEAK = YES;
				CLANG_WARN_BLOCK_CAPTURE_AUTORELEASING = YES;
				CLANG_WARN_BOOL_CONVERSION = YES;
				CLANG_WARN_COMMA = YES;
				CLANG_WARN_CONSTANT_CONVERSION = YES;
				CLANG_WARN_DEPRECATED_OBJC_IMPLEMENTATIONS = YES;
				CLANG_WARN_DIRECT_OBJC_ISA_USAGE = YES_ERROR;
				CLANG_WARN_DOCUMENTATION_COMMENTS = YES;
				CLANG_WARN_EMPTY_BODY = YES;
				CLANG_WARN_ENUM_CONVERSION = YES;
				CLANG_WARN_INFINITE_RECURSION = YES;
				CLANG_WARN_INT_CONVERSION = YES;
				CLANG_WARN_NON_LITERAL_NULL_CONVERSION = YES;
				CLANG_WARN_OBJC_IMPLICIT_RETAIN_SELF = YES;
				CLANG_WARN_OBJC_LITERAL_CONVERSION = YES;
				CLANG_WARN_OBJC_ROOT_CLASS = YES_ERROR;
				CLANG_WARN_RANGE_LOOP_ANALYSIS = YES;
				CLANG_WARN_STRICT_PROTOTYPES = YES;
				CLANG_WARN_SUSPICIOUS_MOVE = YES;
				CLANG_WARN_UNGUARDED_AVAILABILITY = YES_AGGRESSIVE;
				CLANG_WARN_UNREACHABLE_CODE = YES;
				CLANG_WARN__DUPLICATE_METHOD_MATCH = YES;
				CODE_SIGN_IDENTITY = "iPhone Developer";
				COPY_PHASE_STRIP = NO;
				CURRENT_PROJECT_VERSION = 1;
				DEBUG_INFORMATION_FORMAT = "dwarf-with-dsym";
				ENABLE_NS_ASSERTIONS = NO;
				ENABLE_STRICT_OBJC_MSGSEND = YES;
				GCC_C_LANGUAGE_STANDARD = gnu11;
				GCC_NO_COMMON_BLOCKS = YES;
				GCC_WARN_64_TO_32_BIT_CONVERSION = YES;
				GCC_WARN_ABOUT_RETURN_TYPE = YES_ERROR;
				GCC_WARN_UNDECLARED_SELECTOR = YES;
				GCC_WARN_UNINITIALIZED_AUTOS = YES_AGGRESSIVE;
				GCC_WARN_UNUSED_FUNCTION = YES;
				GCC_WARN_UNUSED_VARIABLE = YES;
				IPHONEOS_DEPLOYMENT_TARGET = 11.0;
				MTL_ENABLE_DEBUG_INFO = NO;
				MTL_FAST_MATH = YES;
				SDKROOT = iphoneos;
				SWIFT_COMPILATION_MODE = wholemodule;
				SWIFT_OPTIMIZATION_LEVEL = "-O";
				VALIDATE_PRODUCT = YES;
				VERSIONING_SYSTEM = "apple-generic";
				VERSION_INFO_PREFIX = "";
			};
			name = Release;
		};
		9B1BDED2224FBEC600F51375 /* Debug */ = {
			isa = XCBuildConfiguration;
			buildSettings = {
				CODE_SIGN_IDENTITY = "";
				CODE_SIGN_STYLE = Automatic;
				DEFINES_MODULE = YES;
				DEVELOPMENT_TEAM = PNRHBB5S44;
				DYLIB_COMPATIBILITY_VERSION = 1;
				DYLIB_CURRENT_VERSION = 1;
				DYLIB_INSTALL_NAME_BASE = "@rpath";
				FRAMEWORK_SEARCH_PATHS = "$(PROJECT_DIR)/../Carthage/Build/iOS";
				INFOPLIST_FILE = MATKit/Info.plist;
				INSTALL_PATH = "$(LOCAL_LIBRARY_DIR)/Frameworks";
				LD_RUNPATH_SEARCH_PATHS = (
					"$(inherited)",
					"@executable_path/Frameworks",
					"@loader_path/Frameworks",
				);
				PRODUCT_BUNDLE_IDENTIFIER = gvergara.MATKit;
				PRODUCT_NAME = "$(TARGET_NAME:c99extidentifier)";
				SKIP_INSTALL = YES;
				SWIFT_VERSION = 5.0;
				TARGETED_DEVICE_FAMILY = "1,2";
			};
			name = Debug;
		};
		9B1BDED3224FBEC600F51375 /* Release */ = {
			isa = XCBuildConfiguration;
			buildSettings = {
				CODE_SIGN_IDENTITY = "";
				CODE_SIGN_STYLE = Automatic;
				DEFINES_MODULE = YES;
				DEVELOPMENT_TEAM = PNRHBB5S44;
				DYLIB_COMPATIBILITY_VERSION = 1;
				DYLIB_CURRENT_VERSION = 1;
				DYLIB_INSTALL_NAME_BASE = "@rpath";
				FRAMEWORK_SEARCH_PATHS = "$(PROJECT_DIR)/../Carthage/Build/iOS";
				INFOPLIST_FILE = MATKit/Info.plist;
				INSTALL_PATH = "$(LOCAL_LIBRARY_DIR)/Frameworks";
				LD_RUNPATH_SEARCH_PATHS = (
					"$(inherited)",
					"@executable_path/Frameworks",
					"@loader_path/Frameworks",
				);
				PRODUCT_BUNDLE_IDENTIFIER = gvergara.MATKit;
				PRODUCT_NAME = "$(TARGET_NAME:c99extidentifier)";
				SKIP_INSTALL = YES;
				SWIFT_VERSION = 5.0;
				TARGETED_DEVICE_FAMILY = "1,2";
			};
			name = Release;
		};
		9B1BDED5224FBEC600F51375 /* Debug */ = {
			isa = XCBuildConfiguration;
			buildSettings = {
				ALWAYS_EMBED_SWIFT_STANDARD_LIBRARIES = YES;
				CODE_SIGN_STYLE = Automatic;
				DEVELOPMENT_TEAM = PNRHBB5S44;
				FRAMEWORK_SEARCH_PATHS = "$(PROJECT_DIR)/../Carthage/Build/iOS";
				INFOPLIST_FILE = MATKitTests/Info.plist;
				LD_RUNPATH_SEARCH_PATHS = (
					"$(inherited)",
					"@executable_path/Frameworks",
					"@loader_path/Frameworks",
				);
				PRODUCT_BUNDLE_IDENTIFIER = gvergara.MATKitTests;
				PRODUCT_NAME = "$(TARGET_NAME)";
				SWIFT_VERSION = 5.0;
				TARGETED_DEVICE_FAMILY = "1,2";
			};
			name = Debug;
		};
		9B1BDED6224FBEC600F51375 /* Release */ = {
			isa = XCBuildConfiguration;
			buildSettings = {
				ALWAYS_EMBED_SWIFT_STANDARD_LIBRARIES = YES;
				CODE_SIGN_STYLE = Automatic;
				DEVELOPMENT_TEAM = PNRHBB5S44;
				FRAMEWORK_SEARCH_PATHS = "$(PROJECT_DIR)/../Carthage/Build/iOS";
				INFOPLIST_FILE = MATKitTests/Info.plist;
				LD_RUNPATH_SEARCH_PATHS = (
					"$(inherited)",
					"@executable_path/Frameworks",
					"@loader_path/Frameworks",
				);
				PRODUCT_BUNDLE_IDENTIFIER = gvergara.MATKitTests;
				PRODUCT_NAME = "$(TARGET_NAME)";
				SWIFT_VERSION = 5.0;
				TARGETED_DEVICE_FAMILY = "1,2";
			};
			name = Release;
		};
/* End XCBuildConfiguration section */

/* Begin XCConfigurationList section */
		9B1BDEB7224FBEC600F51375 /* Build configuration list for PBXProject "MATKit" */ = {
			isa = XCConfigurationList;
			buildConfigurations = (
				9B1BDECF224FBEC600F51375 /* Debug */,
				9B1BDED0224FBEC600F51375 /* Release */,
			);
			defaultConfigurationIsVisible = 0;
			defaultConfigurationName = Release;
		};
		9B1BDED1224FBEC600F51375 /* Build configuration list for PBXNativeTarget "MATKit" */ = {
			isa = XCConfigurationList;
			buildConfigurations = (
				9B1BDED2224FBEC600F51375 /* Debug */,
				9B1BDED3224FBEC600F51375 /* Release */,
			);
			defaultConfigurationIsVisible = 0;
			defaultConfigurationName = Release;
		};
		9B1BDED4224FBEC600F51375 /* Build configuration list for PBXNativeTarget "MATKitTests" */ = {
			isa = XCConfigurationList;
			buildConfigurations = (
				9B1BDED5224FBEC600F51375 /* Debug */,
				9B1BDED6224FBEC600F51375 /* Release */,
			);
			defaultConfigurationIsVisible = 0;
			defaultConfigurationName = Release;
		};
/* End XCConfigurationList section */
	};
	rootObject = 9B1BDEB4224FBEC600F51375 /* Project object */;
}
